# THIS IS AN AUTOGENERATED FILE. DO NOT EDIT THIS FILE DIRECTLY.
# yarn lockfile v1


"axios@^0.21.1":
  "integrity" "sha512-dKQiRHxGD9PPRIUNIWvZhPTPpl1rf/OxTYKsqKUDjBwYylTvV7SjSHJb9ratfyzM6wCdLCOYLzs73qpg5c4iGA=="
  "resolved" "https://registry.npmjs.org/axios/-/axios-0.21.1.tgz"
  "version" "0.21.1"
  dependencies:
    "follow-redirects" "^1.10.0"

"bowser@^1.7.3":
  "integrity" "sha512-9IdMmj2KjigRq6oWhmwv1W36pDuA4STQZ8q6YO9um+x07xgYNCD3Oou+WP/3L1HNz7iqythGet3/p4wvc8AAwQ=="
  "resolved" "https://registry.npmjs.org/bowser/-/bowser-1.9.4.tgz"
  "version" "1.9.4"

"css-in-js-utils@^2.0.0":
  "integrity" "sha512-PJF0SpJT+WdbVVt0AOYp9C8GnuruRlL/UFW7932nLWmFLQTaWEzTBQEx7/hn4BuV+WON75iAViSUJLiU3PKbpA=="
  "resolved" "https://registry.npmjs.org/css-in-js-utils/-/css-in-js-utils-2.0.1.tgz"
  "version" "2.0.1"
  dependencies:
    "hyphenate-style-name" "^1.0.2"
    "isobject" "^3.0.1"

"exenv@^1.2.1":
  "integrity" "sha1-KueOhdmJQVhnCwPUe+wfA72Ru50="
  "resolved" "https://registry.npmjs.org/exenv/-/exenv-1.2.2.tgz"
  "version" "1.2.2"

"follow-redirects@^1.10.0":
  "integrity" "sha512-DUgl6+HDzB0iEptNQEXLx/KhTmDb8tZUHSeLqpnjpknR70H0nC2t9N73BK6fN4hOvJ84pKlIQVQ4k5FFlBedKA=="
  "resolved" "https://registry.npmjs.org/follow-redirects/-/follow-redirects-1.13.3.tgz"
  "version" "1.13.3"

"hyphenate-style-name@^1.0.2":
  "integrity" "sha512-ygGZLjmXfPHj+ZWh6LwbC37l43MhfztxetbFCoYTM2VjkIUpeHgSNn7QIyVFj7YQ1Wl9Cbw5sholVJPzWvC2MQ=="
  "resolved" "https://registry.npmjs.org/hyphenate-style-name/-/hyphenate-style-name-1.0.4.tgz"
  "version" "1.0.4"

"inline-style-prefixer@^4.0.0":
  "integrity" "sha512-N8nVhwfYga9MiV9jWlwfdj1UDIaZlBFu4cJSJkIr7tZX7sHpHhGR5su1qdpW+7KPL8ISTvCIkcaFi/JdBknvPg=="
  "resolved" "https://registry.npmjs.org/inline-style-prefixer/-/inline-style-prefixer-4.0.2.tgz"
  "version" "4.0.2"
  dependencies:
    "bowser" "^1.7.3"
    "css-in-js-utils" "^2.0.0"

"isobject@^3.0.1":
  "integrity" "sha1-TkMekrEalzFjaqH5yNHMvP2reN8="
  "resolved" "https://registry.npmjs.org/isobject/-/isobject-3.0.1.tgz"
  "version" "3.0.1"

"js-tokens@^3.0.0 || ^4.0.0":
  "integrity" "sha512-RdJUflcE3cUzKiMqQgsCu06FPu9UdIJO0beYbPhHN4k6apgJtifcoCtT9bcxOpYBtpD2kCM6Sbzg4CausW/PKQ=="
  "resolved" "https://registry.npmjs.org/js-tokens/-/js-tokens-4.0.0.tgz"
  "version" "4.0.0"

"loose-envify@^1.1.0", "loose-envify@^1.4.0":
  "integrity" "sha512-lyuxPGr/Wfhrlem2CL/UcnUc1zcqKAImBDzukY7Y5F/yQiNdko6+fRLevlw1HgMySw7f611UIY408EtxRSoK3Q=="
  "resolved" "https://registry.npmjs.org/loose-envify/-/loose-envify-1.4.0.tgz"
  "version" "1.4.0"
  dependencies:
    "js-tokens" "^3.0.0 || ^4.0.0"

"object-assign@^3.0.0":
  "integrity" "sha1-m+3VygiXlJvKR+f/QIBi1Un1h/I="
  "resolved" "https://registry.npmjs.org/object-assign/-/object-assign-3.0.0.tgz"
  "version" "3.0.0"

"object-assign@^4.1.1":
  "integrity" "sha1-IQmtx5ZYh8/AXLvUQsrIv7s2CGM="
  "resolved" "https://registry.npmjs.org/object-assign/-/object-assign-4.1.1.tgz"
  "version" "4.1.1"

"prop-types@^15.5.10", "prop-types@^15.5.8", "prop-types@^15.6.2":
  "integrity" "sha512-8QQikdH7//R2vurIJSutZ1smHYTcLpRWEOlHnzcWHmBYrOGUysKwSsrC89BCiFj3CbrfJ/nXFdJepOVrY1GCHQ=="
  "resolved" "https://registry.npmjs.org/prop-types/-/prop-types-15.7.2.tgz"
  "version" "15.7.2"
  dependencies:
    "loose-envify" "^1.4.0"
    "object-assign" "^4.1.1"
    "react-is" "^16.8.1"

"radium@^0.25.0":
  "integrity" "sha512-I2+G4axdz+wW2LA8gsXWvcNWE0vBjXixMFgkSaYQrCO1Ag2m+Dz447OY9Hs2QK7rJ8lXL2gGx1bbZdI4sPvoIQ=="
  "resolved" "https://registry.npmjs.org/radium/-/radium-0.25.2.tgz"
  "version" "0.25.2"
  dependencies:
    "exenv" "^1.2.1"
    "inline-style-prefixer" "^4.0.0"
    "prop-types" "^15.5.8"

"react-autosuggest@^9.0.1":
  "integrity" "sha512-wFbp5QpgFQRfw9cwKvcgLR8theikOUkv8PFsuLYqI2PUgVlx186Cz8MYt5bLxculi+jxGGUUVt+h0esaBZZouw=="
  "resolved" "https://registry.npmjs.org/react-autosuggest/-/react-autosuggest-9.4.3.tgz"
  "version" "9.4.3"
  dependencies:
    "prop-types" "^15.5.10"
    "react-autowhatever" "^10.1.2"
    "shallow-equal" "^1.0.0"

"react-autowhatever@^10.1.2":
  "integrity" "sha512-5gQyoETyBH6GmuW1N1J81CuoAV+Djeg66DEo03xiZOl3WOwJHBP5LisKUvCGOakjrXU4M3hcIvCIqMBYGUmqOA=="
  "resolved" "https://registry.npmjs.org/react-autowhatever/-/react-autowhatever-10.2.1.tgz"
  "version" "10.2.1"
  dependencies:
    "prop-types" "^15.5.8"
    "react-themeable" "^1.1.0"
    "section-iterator" "^2.0.0"

"react-chips@^0.8.0":
  "integrity" "sha512-hYMKTd5ph/7c0ThzgWE0wtafPh5sfTCE/U6xcbD/grsocageY0gvQB1c6WptYl7GcG7A34ebUkr2MltTJtQyFQ=="
  "resolved" "https://registry.npmjs.org/react-chips/-/react-chips-0.8.0.tgz"
  "version" "0.8.0"
  dependencies:
    "radium" "^0.25.0"
    "react-autosuggest" "^9.0.1"
    "react-themeable" "^1.1.0"

"react-is@^16.8.1":
  "integrity" "sha512-24e6ynE2H+OKt4kqsOvNd8kBpV65zoxbA4BVsEOB3ARVWQki/DHzaUoC5KuON/BiccDaCCTZBuOcfZs70kR8bQ=="
  "resolved" "https://registry.npmjs.org/react-is/-/react-is-16.13.1.tgz"
  "version" "16.13.1"

"react-themeable@^1.1.0":
  "integrity" "sha1-fURm3ZsrX6dQWHJ4JenxUro3mg4="
  "resolved" "https://registry.npmjs.org/react-themeable/-/react-themeable-1.1.0.tgz"
  "version" "1.1.0"
  dependencies:
    "object-assign" "^3.0.0"

"react@^0.14.0 || ^16.4.1", "react@^15.3.0 || ^16.0.0", "react@>=0.14.7":
  "integrity" "sha512-0X2CImDkJGApiAlcf0ODKIneSwBPhqJawOa5wCtKbu7ZECrmS26NvtSILynQ66cgkT/RJ4LidJOc3bUESwmU8g=="
  "resolved" "https://registry.npmjs.org/react/-/react-16.14.0.tgz"
  "version" "16.14.0"
  dependencies:
    "loose-envify" "^1.1.0"
    "object-assign" "^4.1.1"
    "prop-types" "^15.6.2"

"section-iterator@^2.0.0":
  "integrity" "sha1-v0RNev7rlK1Dw5rS+yYVFifMuio="
  "resolved" "https://registry.npmjs.org/section-iterator/-/section-iterator-2.0.0.tgz"
  "version" "2.0.0"

"shallow-equal@^1.0.0":
  "integrity" "sha512-S4vJDjHHMBaiZuT9NPb616CSmLf618jawtv3sufLl6ivK8WocjAo58cXwbRV1cgqxH0Qbv+iUt6m05eqEa2IRA=="
  "resolved" "https://registry.npmjs.org/shallow-equal/-/shallow-equal-1.2.1.tgz"
  "version" "1.2.1"
